
Microsoft Visual Studio Solution File, Format Version 11.00
# Visual Studio 2010
# SharpDevelop 4.3
Project("{FAE04EC0-301F-11D3-BF4B-00C04F79EFBC}") = "HUEston", "HUEston\HUEston.csproj", "{3C50956A-50CC-4BEC-BB79-8E6409D6606D}"
EndProject
Global
	GlobalSection(SolutionConfigurationPlatforms) = preSolution
		Debug|Any CPU = Debug|Any CPU
		Release|Any CPU = Release|Any CPU
	EndGlobalSection
	GlobalSection(ProjectConfigurationPlatforms) = postSolution
		{3C50956A-50CC-4BEC-BB79-8E6409D6606D}.Debug|Any CPU.Build.0 = Debug|Any CPU
		{3C50956A-50CC-4BEC-BB79-8E6409D6606D}.Debug|Any CPU.ActiveCfg = Debug|Any CPU
		{3C50956A-50CC-4BEC-BB79-8E6409D6606D}.Release|Any CPU.Build.0 = Release|Any CPU
		{3C50956A-50CC-4BEC-BB79-8E6409D6606D}.Release|Any CPU.ActiveCfg = Release|Any CPU
	EndGlobalSection
EndGlobal
